
Microsoft Visual Studio Solution File, Format Version 12.00
# Visual Studio Version 17
VisualStudioVersion = 17.0.31320.296
MinimumVisualStudioVersion = 10.0.40219.1
Project("{FAE04EC0-301F-11D3-BF4B-00C04F79EFBC}") = "UnauthorizedApis", "UnauthorizedApis\UnauthorizedApis.csproj", "{1C507359-24C2-47C4-B4B4-360C91BCC6D4}"
EndProject
Global
	GlobalSection(SolutionConfigurationPlatforms) = preSolution
		Debug|Any CPU = Debug|Any CPU
		Release|Any CPU = Release|Any CPU
	EndGlobalSection
	GlobalSection(ProjectConfigurationPlatforms) = postSolution
		{1C507359-24C2-47C4-B4B4-360C91BCC6D4}.Debug|Any CPU.ActiveCfg = Debug|Any CPU
		{1C507359-24C2-47C4-B4B4-360C91BCC6D4}.Debug|Any CPU.Build.0 = Debug|Any CPU
		{1C507359-24C2-47C4-B4B4-360C91BCC6D4}.Release|Any CPU.ActiveCfg = Release|Any CPU
		{1C507359-24C2-47C4-B4B4-360C91BCC6D4}.Release|Any CPU.Build.0 = Release|Any CPU
	EndGlobalSection
	GlobalSection(SolutionProperties) = preSolution
		HideSolutionNode = FALSE
	EndGlobalSection
	GlobalSection(ExtensibilityGlobals) = postSolution
		SolutionGuid = {A1261198-830B-4BFE-9D46-8457FFB8F809}
	EndGlobalSection
EndGlobal
